
Microsoft Visual Studio Solution File, Format Version 12.00
# Visual Studio Version 17
VisualStudioVersion = 17.11.35431.28
MinimumVisualStudioVersion = 10.0.40219.1
Project("{FAE04EC0-301F-11D3-BF4B-00C04F79EFBC}") = "ApiResfulProductos", "ApiResfulProductos\ApiResfulProductos.csproj", "{A9677555-950A-4565-ABE8-17E0DF02451C}"
EndProject
Global
	GlobalSection(SolutionConfigurationPlatforms) = preSolution
		Debug|Any CPU = Debug|Any CPU
		Release|Any CPU = Release|Any CPU
	EndGlobalSection
	GlobalSection(ProjectConfigurationPlatforms) = postSolution
		{A9677555-950A-4565-ABE8-17E0DF02451C}.Debug|Any CPU.ActiveCfg = Debug|Any CPU
		{A9677555-950A-4565-ABE8-17E0DF02451C}.Debug|Any CPU.Build.0 = Debug|Any CPU
		{A9677555-950A-4565-ABE8-17E0DF02451C}.Release|Any CPU.ActiveCfg = Release|Any CPU
		{A9677555-950A-4565-ABE8-17E0DF02451C}.Release|Any CPU.Build.0 = Release|Any CPU
	EndGlobalSection
	GlobalSection(SolutionProperties) = preSolution
		HideSolutionNode = FALSE
	EndGlobalSection
	GlobalSection(ExtensibilityGlobals) = postSolution
		SolutionGuid = {3B563FA0-9327-435F-AF79-97400D730AE6}
	EndGlobalSection
EndGlobal
